
Microsoft Visual Studio Solution File, Format Version 12.00
# Visual Studio Version 16
Project("{8BC9CEB8-8B4A-11D0-8D11-00A0C91BC942}") = "ALL_BUILD", "ALL_BUILD.vcxproj", "{5F633AD0-6D0E-3487-98CE-01BF8F0EA5A4}"
	ProjectSection(ProjectDependencies) = postProject
		{B6F25C0F-1AB9-32F0-A6B8-E6B1A5633CE6} = {B6F25C0F-1AB9-32F0-A6B8-E6B1A5633CE6}
		{1F051988-1710-32F9-A5DF-A8BB697DD360} = {1F051988-1710-32F9-A5DF-A8BB697DD360}
		{C139284C-545A-309D-BD9E-A06AAA905D72} = {C139284C-545A-309D-BD9E-A06AAA905D72}
	EndProjectSection
EndProject
Project("{8BC9CEB8-8B4A-11D0-8D11-00A0C91BC942}") = "MazeLib", "MazeLib.vcxproj", "{B6F25C0F-1AB9-32F0-A6B8-E6B1A5633CE6}"
	ProjectSection(ProjectDependencies) = postProject
		{C139284C-545A-309D-BD9E-A06AAA905D72} = {C139284C-545A-309D-BD9E-A06AAA905D72}
	EndProjectSection
EndProject
Project("{8BC9CEB8-8B4A-11D0-8D11-00A0C91BC942}") = "MazeVisibility", "MazeVisibility.vcxproj", "{1F051988-1710-32F9-A5DF-A8BB697DD360}"
	ProjectSection(ProjectDependencies) = postProject
		{B6F25C0F-1AB9-32F0-A6B8-E6B1A5633CE6} = {B6F25C0F-1AB9-32F0-A6B8-E6B1A5633CE6}
		{C139284C-545A-309D-BD9E-A06AAA905D72} = {C139284C-545A-309D-BD9E-A06AAA905D72}
	EndProjectSection
EndProject
Project("{8BC9CEB8-8B4A-11D0-8D11-00A0C91BC942}") = "ZERO_CHECK", "ZERO_CHECK.vcxproj", "{C139284C-545A-309D-BD9E-A06AAA905D72}"
	ProjectSection(ProjectDependencies) = postProject
	EndProjectSection
EndProject
Global
	GlobalSection(SolutionConfigurationPlatforms) = preSolution
		Debug|x64 = Debug|x64
		Release|x64 = Release|x64
		MinSizeRel|x64 = MinSizeRel|x64
		RelWithDebInfo|x64 = RelWithDebInfo|x64
	EndGlobalSection
	GlobalSection(ProjectConfigurationPlatforms) = postSolution
		{5F633AD0-6D0E-3487-98CE-01BF8F0EA5A4}.Debug|x64.ActiveCfg = Debug|x64
		{5F633AD0-6D0E-3487-98CE-01BF8F0EA5A4}.Release|x64.ActiveCfg = Release|x64
		{5F633AD0-6D0E-3487-98CE-01BF8F0EA5A4}.MinSizeRel|x64.ActiveCfg = MinSizeRel|x64
		{5F633AD0-6D0E-3487-98CE-01BF8F0EA5A4}.RelWithDebInfo|x64.ActiveCfg = RelWithDebInfo|x64
		{B6F25C0F-1AB9-32F0-A6B8-E6B1A5633CE6}.Debug|x64.ActiveCfg = Debug|x64
		{B6F25C0F-1AB9-32F0-A6B8-E6B1A5633CE6}.Debug|x64.Build.0 = Debug|x64
		{B6F25C0F-1AB9-32F0-A6B8-E6B1A5633CE6}.Release|x64.ActiveCfg = Release|x64
		{B6F25C0F-1AB9-32F0-A6B8-E6B1A5633CE6}.Release|x64.Build.0 = Release|x64
		{B6F25C0F-1AB9-32F0-A6B8-E6B1A5633CE6}.MinSizeRel|x64.ActiveCfg = MinSizeRel|x64
		{B6F25C0F-1AB9-32F0-A6B8-E6B1A5633CE6}.MinSizeRel|x64.Build.0 = MinSizeRel|x64
		{B6F25C0F-1AB9-32F0-A6B8-E6B1A5633CE6}.RelWithDebInfo|x64.ActiveCfg = RelWithDebInfo|x64
		{B6F25C0F-1AB9-32F0-A6B8-E6B1A5633CE6}.RelWithDebInfo|x64.Build.0 = RelWithDebInfo|x64
		{1F051988-1710-32F9-A5DF-A8BB697DD360}.Debug|x64.ActiveCfg = Debug|x64
		{1F051988-1710-32F9-A5DF-A8BB697DD360}.Debug|x64.Build.0 = Debug|x64
		{1F051988-1710-32F9-A5DF-A8BB697DD360}.Release|x64.ActiveCfg = Release|x64
		{1F051988-1710-32F9-A5DF-A8BB697DD360}.Release|x64.Build.0 = Release|x64
		{1F051988-1710-32F9-A5DF-A8BB697DD360}.MinSizeRel|x64.ActiveCfg = MinSizeRel|x64
		{1F051988-1710-32F9-A5DF-A8BB697DD360}.MinSizeRel|x64.Build.0 = MinSizeRel|x64
		{1F051988-1710-32F9-A5DF-A8BB697DD360}.RelWithDebInfo|x64.ActiveCfg = RelWithDebInfo|x64
		{1F051988-1710-32F9-A5DF-A8BB697DD360}.RelWithDebInfo|x64.Build.0 = RelWithDebInfo|x64
		{C139284C-545A-309D-BD9E-A06AAA905D72}.Debug|x64.ActiveCfg = Debug|x64
		{C139284C-545A-309D-BD9E-A06AAA905D72}.Debug|x64.Build.0 = Debug|x64
		{C139284C-545A-309D-BD9E-A06AAA905D72}.Release|x64.ActiveCfg = Release|x64
		{C139284C-545A-309D-BD9E-A06AAA905D72}.Release|x64.Build.0 = Release|x64
		{C139284C-545A-309D-BD9E-A06AAA905D72}.MinSizeRel|x64.ActiveCfg = MinSizeRel|x64
		{C139284C-545A-309D-BD9E-A06AAA905D72}.MinSizeRel|x64.Build.0 = MinSizeRel|x64
		{C139284C-545A-309D-BD9E-A06AAA905D72}.RelWithDebInfo|x64.ActiveCfg = RelWithDebInfo|x64
		{C139284C-545A-309D-BD9E-A06AAA905D72}.RelWithDebInfo|x64.Build.0 = RelWithDebInfo|x64
	EndGlobalSection
	GlobalSection(ExtensibilityGlobals) = postSolution
		SolutionGuid = {D78B2319-EE97-386B-A9DF-D6D38BABF4CD}
	EndGlobalSection
	GlobalSection(ExtensibilityAddIns) = postSolution
	EndGlobalSection
EndGlobal
